
Microsoft Visual Studio Solution File, Format Version 12.00
# Visual Studio 15
VisualStudioVersion = 15.0.27130.2010
MinimumVisualStudioVersion = 10.0.40219.1
Project("{FAE04EC0-301F-11D3-BF4B-00C04F79EFBC}") = "UnityLog4NetExtension", "UnityLog4NetExtension\UnityLog4NetExtension.csproj", "{F689CC78-232B-4E2B-8799-2CFB58FD1695}"
EndProject
Project("{FAE04EC0-301F-11D3-BF4B-00C04F79EFBC}") = "UnityLog4NetExtension.Specs", "UnityLog4NetExtension.Specs\UnityLog4NetExtension.Specs.csproj", "{83BC3A6D-9DB3-4BFA-817A-9BB4128BD357}"
EndProject
Global
	GlobalSection(SolutionConfigurationPlatforms) = preSolution
		Debug|Any CPU = Debug|Any CPU
		Release|Any CPU = Release|Any CPU
	EndGlobalSection
	GlobalSection(ProjectConfigurationPlatforms) = postSolution
		{F689CC78-232B-4E2B-8799-2CFB58FD1695}.Debug|Any CPU.ActiveCfg = Debug|Any CPU
		{F689CC78-232B-4E2B-8799-2CFB58FD1695}.Debug|Any CPU.Build.0 = Debug|Any CPU
		{F689CC78-232B-4E2B-8799-2CFB58FD1695}.Release|Any CPU.ActiveCfg = Release|Any CPU
		{F689CC78-232B-4E2B-8799-2CFB58FD1695}.Release|Any CPU.Build.0 = Release|Any CPU
		{83BC3A6D-9DB3-4BFA-817A-9BB4128BD357}.Debug|Any CPU.ActiveCfg = Debug|Any CPU
		{83BC3A6D-9DB3-4BFA-817A-9BB4128BD357}.Debug|Any CPU.Build.0 = Debug|Any CPU
		{83BC3A6D-9DB3-4BFA-817A-9BB4128BD357}.Release|Any CPU.ActiveCfg = Release|Any CPU
		{83BC3A6D-9DB3-4BFA-817A-9BB4128BD357}.Release|Any CPU.Build.0 = Release|Any CPU
	EndGlobalSection
	GlobalSection(SolutionProperties) = preSolution
		HideSolutionNode = FALSE
	EndGlobalSection
	GlobalSection(ExtensibilityGlobals) = postSolution
		EnterpriseLibraryConfigurationToolBinariesPath = packages\Unity.2.1.505.2\lib\NET35
		SolutionGuid = {256837B9-B5DD-4E73-BD5B-10D8EFEA28C5}
	EndGlobalSection
EndGlobal
